
Microsoft Visual Studio Solution File, Format Version 12.00
# Visual Studio Version 17
VisualStudioVersion = 17.8.34525.116
MinimumVisualStudioVersion = 10.0.40219.1
Project("{FAE04EC0-301F-11D3-BF4B-00C04F79EFBC}") = "SystemPrograming_Task1", "SystemPrograming_Task1\SystemPrograming_Task1.csproj", "{725E09A3-4EDC-491B-83A0-A3EDFC2BA801}"
EndProject
Global
	GlobalSection(SolutionConfigurationPlatforms) = preSolution
		Debug|Any CPU = Debug|Any CPU
		Release|Any CPU = Release|Any CPU
	EndGlobalSection
	GlobalSection(ProjectConfigurationPlatforms) = postSolution
		{725E09A3-4EDC-491B-83A0-A3EDFC2BA801}.Debug|Any CPU.ActiveCfg = Debug|Any CPU
		{725E09A3-4EDC-491B-83A0-A3EDFC2BA801}.Debug|Any CPU.Build.0 = Debug|Any CPU
		{725E09A3-4EDC-491B-83A0-A3EDFC2BA801}.Release|Any CPU.ActiveCfg = Release|Any CPU
		{725E09A3-4EDC-491B-83A0-A3EDFC2BA801}.Release|Any CPU.Build.0 = Release|Any CPU
	EndGlobalSection
	GlobalSection(SolutionProperties) = preSolution
		HideSolutionNode = FALSE
	EndGlobalSection
	GlobalSection(ExtensibilityGlobals) = postSolution
		SolutionGuid = {B653F654-CB57-4689-B794-59D237C04874}
	EndGlobalSection
EndGlobal
